
Microsoft Visual Studio Solution File, Format Version 12.00
# Visual Studio 15
VisualStudioVersion = 15.0.27703.2042
MinimumVisualStudioVersion = 10.0.40219.1
Project("{FAE04EC0-301F-11D3-BF4B-00C04F79EFBC}") = "PokEmployment.API", "PokEmployment.API\PokEmployment.API.csproj", "{CAF66F7E-38FB-4D74-9FAD-216E0DCBC792}"
EndProject
Global
	GlobalSection(SolutionConfigurationPlatforms) = preSolution
		Debug|Any CPU = Debug|Any CPU
		Release|Any CPU = Release|Any CPU
	EndGlobalSection
	GlobalSection(ProjectConfigurationPlatforms) = postSolution
		{CAF66F7E-38FB-4D74-9FAD-216E0DCBC792}.Debug|Any CPU.ActiveCfg = Debug|Any CPU
		{CAF66F7E-38FB-4D74-9FAD-216E0DCBC792}.Debug|Any CPU.Build.0 = Debug|Any CPU
		{CAF66F7E-38FB-4D74-9FAD-216E0DCBC792}.Release|Any CPU.ActiveCfg = Release|Any CPU
		{CAF66F7E-38FB-4D74-9FAD-216E0DCBC792}.Release|Any CPU.Build.0 = Release|Any CPU
	EndGlobalSection
	GlobalSection(SolutionProperties) = preSolution
		HideSolutionNode = FALSE
	EndGlobalSection
	GlobalSection(ExtensibilityGlobals) = postSolution
		SolutionGuid = {117BA224-E33D-4817-8B1D-42FA1D6D5F5A}
	EndGlobalSection
EndGlobal
